
Microsoft Visual Studio Solution File, Format Version 12.00
# Visual Studio Version 16
VisualStudioVersion = 16.0.29728.190
MinimumVisualStudioVersion = 10.0.40219.1
Project("{FAE04EC0-301F-11D3-BF4B-00C04F79EFBC}") = "Geometricos", "Geometricos.csproj", "{202D945D-9AEF-4220-974F-A670AF0C3DEC}"
EndProject
Global
	GlobalSection(SolutionConfigurationPlatforms) = preSolution
		Debug|Any CPU = Debug|Any CPU
		Release|Any CPU = Release|Any CPU
	EndGlobalSection
	GlobalSection(ProjectConfigurationPlatforms) = postSolution
		{202D945D-9AEF-4220-974F-A670AF0C3DEC}.Debug|Any CPU.ActiveCfg = Debug|Any CPU
		{202D945D-9AEF-4220-974F-A670AF0C3DEC}.Debug|Any CPU.Build.0 = Debug|Any CPU
		{202D945D-9AEF-4220-974F-A670AF0C3DEC}.Release|Any CPU.ActiveCfg = Release|Any CPU
		{202D945D-9AEF-4220-974F-A670AF0C3DEC}.Release|Any CPU.Build.0 = Release|Any CPU
	EndGlobalSection
	GlobalSection(SolutionProperties) = preSolution
		HideSolutionNode = FALSE
	EndGlobalSection
	GlobalSection(ExtensibilityGlobals) = postSolution
		SolutionGuid = {FB6A1445-F6B2-4C83-B6B1-D7FFFCD027D2}
	EndGlobalSection
EndGlobal
