
Microsoft Visual Studio Solution File, Format Version 12.00
# Visual Studio Version 16
VisualStudioVersion = 16.0.29728.190
MinimumVisualStudioVersion = 10.0.40219.1
Project("{FAE04EC0-301F-11D3-BF4B-00C04F79EFBC}") = "Bancario", "Bancario.csproj", "{4DF6BFF6-0D41-4CBA-ABB1-4D32CB6291F2}"
EndProject
Global
	GlobalSection(SolutionConfigurationPlatforms) = preSolution
		Debug|Any CPU = Debug|Any CPU
		Release|Any CPU = Release|Any CPU
	EndGlobalSection
	GlobalSection(ProjectConfigurationPlatforms) = postSolution
		{4DF6BFF6-0D41-4CBA-ABB1-4D32CB6291F2}.Debug|Any CPU.ActiveCfg = Debug|Any CPU
		{4DF6BFF6-0D41-4CBA-ABB1-4D32CB6291F2}.Debug|Any CPU.Build.0 = Debug|Any CPU
		{4DF6BFF6-0D41-4CBA-ABB1-4D32CB6291F2}.Release|Any CPU.ActiveCfg = Release|Any CPU
		{4DF6BFF6-0D41-4CBA-ABB1-4D32CB6291F2}.Release|Any CPU.Build.0 = Release|Any CPU
	EndGlobalSection
	GlobalSection(SolutionProperties) = preSolution
		HideSolutionNode = FALSE
	EndGlobalSection
	GlobalSection(ExtensibilityGlobals) = postSolution
		SolutionGuid = {765CF1C1-7DE2-42D7-8F1D-5FC0FE6B13C2}
	EndGlobalSection
EndGlobal
