
Microsoft Visual Studio Solution File, Format Version 12.00
# Visual Studio Version 16
VisualStudioVersion = 16.0.29728.190
MinimumVisualStudioVersion = 10.0.40219.1
Project("{FAE04EC0-301F-11D3-BF4B-00C04F79EFBC}") = "Autos", "Autos.csproj", "{6FDA5BD0-DE60-4641-9C03-AB38C46668C1}"
EndProject
Global
	GlobalSection(SolutionConfigurationPlatforms) = preSolution
		Debug|Any CPU = Debug|Any CPU
		Release|Any CPU = Release|Any CPU
	EndGlobalSection
	GlobalSection(ProjectConfigurationPlatforms) = postSolution
		{6FDA5BD0-DE60-4641-9C03-AB38C46668C1}.Debug|Any CPU.ActiveCfg = Debug|Any CPU
		{6FDA5BD0-DE60-4641-9C03-AB38C46668C1}.Debug|Any CPU.Build.0 = Debug|Any CPU
		{6FDA5BD0-DE60-4641-9C03-AB38C46668C1}.Release|Any CPU.ActiveCfg = Release|Any CPU
		{6FDA5BD0-DE60-4641-9C03-AB38C46668C1}.Release|Any CPU.Build.0 = Release|Any CPU
	EndGlobalSection
	GlobalSection(SolutionProperties) = preSolution
		HideSolutionNode = FALSE
	EndGlobalSection
	GlobalSection(ExtensibilityGlobals) = postSolution
		SolutionGuid = {E8263275-07BC-44AE-8B7E-F43F203FC9F3}
	EndGlobalSection
EndGlobal
