
Microsoft Visual Studio Solution File, Format Version 12.00
# Visual Studio Version 16
VisualStudioVersion = 16.0.29728.190
MinimumVisualStudioVersion = 10.0.40219.1
Project("{FAE04EC0-301F-11D3-BF4B-00C04F79EFBC}") = "Personas", "Personas.csproj", "{0D1AA0C6-9DE0-413D-9282-34B5FBD6A575}"
EndProject
Global
	GlobalSection(SolutionConfigurationPlatforms) = preSolution
		Debug|Any CPU = Debug|Any CPU
		Release|Any CPU = Release|Any CPU
	EndGlobalSection
	GlobalSection(ProjectConfigurationPlatforms) = postSolution
		{0D1AA0C6-9DE0-413D-9282-34B5FBD6A575}.Debug|Any CPU.ActiveCfg = Debug|Any CPU
		{0D1AA0C6-9DE0-413D-9282-34B5FBD6A575}.Debug|Any CPU.Build.0 = Debug|Any CPU
		{0D1AA0C6-9DE0-413D-9282-34B5FBD6A575}.Release|Any CPU.ActiveCfg = Release|Any CPU
		{0D1AA0C6-9DE0-413D-9282-34B5FBD6A575}.Release|Any CPU.Build.0 = Release|Any CPU
	EndGlobalSection
	GlobalSection(SolutionProperties) = preSolution
		HideSolutionNode = FALSE
	EndGlobalSection
	GlobalSection(ExtensibilityGlobals) = postSolution
		SolutionGuid = {4D4937E0-D2E6-4B65-A64B-1177CAE9B96C}
	EndGlobalSection
EndGlobal
