
Microsoft Visual Studio Solution File, Format Version 12.00
# Visual Studio Version 16
VisualStudioVersion = 16.0.29728.190
MinimumVisualStudioVersion = 10.0.40219.1
Project("{FAE04EC0-301F-11D3-BF4B-00C04F79EFBC}") = "ClasesAbstractas", "ClasesAbstractas.csproj", "{5366FFDA-4682-4913-9587-B3E8AD8D24D0}"
EndProject
Global
	GlobalSection(SolutionConfigurationPlatforms) = preSolution
		Debug|Any CPU = Debug|Any CPU
		Release|Any CPU = Release|Any CPU
	EndGlobalSection
	GlobalSection(ProjectConfigurationPlatforms) = postSolution
		{5366FFDA-4682-4913-9587-B3E8AD8D24D0}.Debug|Any CPU.ActiveCfg = Debug|Any CPU
		{5366FFDA-4682-4913-9587-B3E8AD8D24D0}.Debug|Any CPU.Build.0 = Debug|Any CPU
		{5366FFDA-4682-4913-9587-B3E8AD8D24D0}.Release|Any CPU.ActiveCfg = Release|Any CPU
		{5366FFDA-4682-4913-9587-B3E8AD8D24D0}.Release|Any CPU.Build.0 = Release|Any CPU
	EndGlobalSection
	GlobalSection(SolutionProperties) = preSolution
		HideSolutionNode = FALSE
	EndGlobalSection
	GlobalSection(ExtensibilityGlobals) = postSolution
		SolutionGuid = {51AB0C85-FCCE-482F-8FCB-57EB3A2B0366}
	EndGlobalSection
EndGlobal
